// !$*UTF8*$!
{
	archiveVersion = 1;
	classes = {
	};
	objectVersion = 77;
	objects = {

/* Begin PBXBuildFile section */
		DA2D082A2D59035200ECABFC /* UnitTestsOnly.xctestplan in Resources */ = {isa = PBXBuildFile; fileRef = DA2D08292D59035200ECABFC /* UnitTestsOnly.xctestplan */; };
		DA2D082C2D59038E00ECABFC /* AllTests.xctestplan in Resources */ = {isa = PBXBuildFile; fileRef = DA2D082B2D59038E00ECABFC /* AllTests.xctestplan */; };
/* End PBXBuildFile section */

/* Begin PBXContainerItemProxy section */
		DA2D08242D58FCE300ECABFC /* PBXContainerItemProxy */ = {
			isa = PBXContainerItemProxy;
			containerPortal = DA7D69872D575A32005394A8 /* Project object */;
			proxyType = 1;
			remoteGlobalIDString = DA7D698E2D575A32005394A8;
			remoteInfo = menuRadio;
		};
		DA7D69A12D575A33005394A8 /* PBXContainerItemProxy */ = {
			isa = PBXContainerItemProxy;
			containerPortal = DA7D69872D575A32005394A8 /* Project object */;
			proxyType = 1;
			remoteGlobalIDString = DA7D698E2D575A32005394A8;
			remoteInfo = menuRadio;
		};
		DA7D69AB2D575A33005394A8 /* PBXContainerItemProxy */ = {
			isa = PBXContainerItemProxy;
			containerPortal = DA7D69872D575A32005394A8 /* Project object */;
			proxyType = 1;
			remoteGlobalIDString = DA7D698E2D575A32005394A8;
			remoteInfo = menuRadio;
		};
/* End PBXContainerItemProxy section */

/* Begin PBXFileReference section */
		DA2D08202D58FCE200ECABFC /* menuRadioE2ETests.xctest */ = {isa = PBXFileReference; explicitFileType = wrapper.cfbundle; includeInIndex = 0; path = menuRadioE2ETests.xctest; sourceTree = BUILT_PRODUCTS_DIR; };
		DA2D08292D59035200ECABFC /* UnitTestsOnly.xctestplan */ = {isa = PBXFileReference; lastKnownFileType = text; path = UnitTestsOnly.xctestplan; sourceTree = "<group>"; };
		DA2D082B2D59038E00ECABFC /* AllTests.xctestplan */ = {isa = PBXFileReference; lastKnownFileType = text; path = AllTests.xctestplan; sourceTree = "<group>"; };
		DA7D698F2D575A32005394A8 /* menuRadio.app */ = {isa = PBXFileReference; explicitFileType = wrapper.application; includeInIndex = 0; path = menuRadio.app; sourceTree = BUILT_PRODUCTS_DIR; };
		DA7D69A02D575A33005394A8 /* menuRadioTests.xctest */ = {isa = PBXFileReference; explicitFileType = wrapper.cfbundle; includeInIndex = 0; path = menuRadioTests.xctest; sourceTree = BUILT_PRODUCTS_DIR; };
		DA7D69AA2D575A33005394A8 /* menuRadioUITests.xctest */ = {isa = PBXFileReference; explicitFileType = wrapper.cfbundle; includeInIndex = 0; path = menuRadioUITests.xctest; sourceTree = BUILT_PRODUCTS_DIR; };
/* End PBXFileReference section */

/* Begin PBXFileSystemSynchronizedRootGroup section */
		DA2D08212D58FCE200ECABFC /* menuRadioE2ETests */ = {
			isa = PBXFileSystemSynchronizedRootGroup;
			path = menuRadioE2ETests;
			sourceTree = "<group>";
		};
		DA7D69912D575A32005394A8 /* menuRadio */ = {
			isa = PBXFileSystemSynchronizedRootGroup;
			path = menuRadio;
			sourceTree = "<group>";
		};
		DA7D69A32D575A33005394A8 /* menuRadioTests */ = {
			isa = PBXFileSystemSynchronizedRootGroup;
			path = menuRadioTests;
			sourceTree = "<group>";
		};
/* End PBXFileSystemSynchronizedRootGroup section */

/* Begin PBXFrameworksBuildPhase section */
		DA2D081D2D58FCE200ECABFC /* Frameworks */ = {
			isa = PBXFrameworksBuildPhase;
			buildActionMask = 2147483647;
			files = (
			);
			runOnlyForDeploymentPostprocessing = 0;
		};
		DA7D698C2D575A32005394A8 /* Frameworks */ = {
			isa = PBXFrameworksBuildPhase;
			buildActionMask = 2147483647;
			files = (
			);
			runOnlyForDeploymentPostprocessing = 0;
		};
		DA7D699D2D575A33005394A8 /* Frameworks */ = {
			isa = PBXFrameworksBuildPhase;
			buildActionMask = 2147483647;
			files = (
			);
			runOnlyForDeploymentPostprocessing = 0;
		};
		DA7D69A72D575A33005394A8 /* Frameworks */ = {
			isa = PBXFrameworksBuildPhase;
			buildActionMask = 2147483647;
			files = (
			);
			runOnlyForDeploymentPostprocessing = 0;
		};
/* End PBXFrameworksBuildPhase section */

/* Begin PBXGroup section */
		DA7D69862D575A32005394A8 = {
			isa = PBXGroup;
			children = (
				DA2D082B2D59038E00ECABFC /* AllTests.xctestplan */,
				DA2D08292D59035200ECABFC /* UnitTestsOnly.xctestplan */,
				DA7D69912D575A32005394A8 /* menuRadio */,
				DA7D69A32D575A33005394A8 /* menuRadioTests */,
				DA2D08212D58FCE200ECABFC /* menuRadioE2ETests */,
				DA7D69902D575A32005394A8 /* Products */,
			);
			sourceTree = "<group>";
		};
		DA7D69902D575A32005394A8 /* Products */ = {
			isa = PBXGroup;
			children = (
				DA7D698F2D575A32005394A8 /* menuRadio.app */,
				DA7D69A02D575A33005394A8 /* menuRadioTests.xctest */,
				DA7D69AA2D575A33005394A8 /* menuRadioUITests.xctest */,
				DA2D08202D58FCE200ECABFC /* menuRadioE2ETests.xctest */,
			);
			name = Products;
			sourceTree = "<group>";
		};
/* End PBXGroup section */

/* Begin PBXNativeTarget section */
		DA2D081F2D58FCE200ECABFC /* menuRadioE2ETests */ = {
			isa = PBXNativeTarget;
			buildConfigurationList = DA2D08282D58FCE300ECABFC /* Build configuration list for PBXNativeTarget "menuRadioE2ETests" */;
			buildPhases = (
				DA2D081C2D58FCE200ECABFC /* Sources */,
				DA2D081D2D58FCE200ECABFC /* Frameworks */,
				DA2D081E2D58FCE200ECABFC /* Resources */,
			);
			buildRules = (
			);
			dependencies = (
				DA2D08252D58FCE300ECABFC /* PBXTargetDependency */,
			);
			fileSystemSynchronizedGroups = (
				DA2D08212D58FCE200ECABFC /* menuRadioE2ETests */,
			);
			name = menuRadioE2ETests;
			packageProductDependencies = (
			);
			productName = menuRadioE2ETests;
			productReference = DA2D08202D58FCE200ECABFC /* menuRadioE2ETests.xctest */;
			productType = "com.apple.product-type.bundle.unit-test";
		};
		DA7D698E2D575A32005394A8 /* menuRadio */ = {
			isa = PBXNativeTarget;
			buildConfigurationList = DA7D69B42D575A33005394A8 /* Build configuration list for PBXNativeTarget "menuRadio" */;
			buildPhases = (
				DA7D698B2D575A32005394A8 /* Sources */,
				DA7D698C2D575A32005394A8 /* Frameworks */,
				DA7D698D2D575A32005394A8 /* Resources */,
			);
			buildRules = (
			);
			dependencies = (
			);
			fileSystemSynchronizedGroups = (
				DA7D69912D575A32005394A8 /* menuRadio */,
			);
			name = menuRadio;
			packageProductDependencies = (
			);
			productName = menuRadio;
			productReference = DA7D698F2D575A32005394A8 /* menuRadio.app */;
			productType = "com.apple.product-type.application";
		};
		DA7D699F2D575A33005394A8 /* menuRadioTests */ = {
			isa = PBXNativeTarget;
			buildConfigurationList = DA7D69B72D575A33005394A8 /* Build configuration list for PBXNativeTarget "menuRadioTests" */;
			buildPhases = (
				DA7D699C2D575A33005394A8 /* Sources */,
				DA7D699D2D575A33005394A8 /* Frameworks */,
				DA7D699E2D575A33005394A8 /* Resources */,
			);
			buildRules = (
			);
			dependencies = (
				DA7D69A22D575A33005394A8 /* PBXTargetDependency */,
			);
			fileSystemSynchronizedGroups = (
				DA7D69A32D575A33005394A8 /* menuRadioTests */,
			);
			name = menuRadioTests;
			packageProductDependencies = (
			);
			productName = menuRadioTests;
			productReference = DA7D69A02D575A33005394A8 /* menuRadioTests.xctest */;
			productType = "com.apple.product-type.bundle.unit-test";
		};
		DA7D69A92D575A33005394A8 /* menuRadioUITests */ = {
			isa = PBXNativeTarget;
			buildConfigurationList = DA7D69BA2D575A33005394A8 /* Build configuration list for PBXNativeTarget "menuRadioUITests" */;
			buildPhases = (
				DA7D69A62D575A33005394A8 /* Sources */,
				DA7D69A72D575A33005394A8 /* Frameworks */,
				DA7D69A82D575A33005394A8 /* Resources */,
			);
			buildRules = (
			);
			dependencies = (
				DA7D69AC2D575A33005394A8 /* PBXTargetDependency */,
			);
			name = menuRadioUITests;
			packageProductDependencies = (
			);
			productName = menuRadioUITests;
			productReference = DA7D69AA2D575A33005394A8 /* menuRadioUITests.xctest */;
			productType = "com.apple.product-type.bundle.ui-testing";
		};
/* End PBXNativeTarget section */

/* Begin PBXProject section */
		DA7D69872D575A32005394A8 /* Project object */ = {
			isa = PBXProject;
			attributes = {
				BuildIndependentTargetsInParallel = 1;
				LastSwiftUpdateCheck = 1620;
				LastUpgradeCheck = 1620;
				TargetAttributes = {
					DA2D081F2D58FCE200ECABFC = {
						CreatedOnToolsVersion = 16.2;
						TestTargetID = DA7D698E2D575A32005394A8;
					};
					DA7D698E2D575A32005394A8 = {
						CreatedOnToolsVersion = 16.2;
					};
					DA7D699F2D575A33005394A8 = {
						CreatedOnToolsVersion = 16.2;
						TestTargetID = DA7D698E2D575A32005394A8;
					};
					DA7D69A92D575A33005394A8 = {
						CreatedOnToolsVersion = 16.2;
						TestTargetID = DA7D698E2D575A32005394A8;
					};
				};
			};
			buildConfigurationList = DA7D698A2D575A32005394A8 /* Build configuration list for PBXProject "menuRadio" */;
			developmentRegion = en;
			hasScannedForEncodings = 0;
			knownRegions = (
				en,
				Base,
			);
			mainGroup = DA7D69862D575A32005394A8;
			minimizedProjectReferenceProxies = 1;
			preferredProjectObjectVersion = 77;
			productRefGroup = DA7D69902D575A32005394A8 /* Products */;
			projectDirPath = "";
			projectRoot = "";
			targets = (
				DA7D698E2D575A32005394A8 /* menuRadio */,
				DA7D699F2D575A33005394A8 /* menuRadioTests */,
				DA7D69A92D575A33005394A8 /* menuRadioUITests */,
				DA2D081F2D58FCE200ECABFC /* menuRadioE2ETests */,
			);
		};
/* End PBXProject section */

/* Begin PBXResourcesBuildPhase section */
		DA2D081E2D58FCE200ECABFC /* Resources */ = {
			isa = PBXResourcesBuildPhase;
			buildActionMask = 2147483647;
			files = (
			);
			runOnlyForDeploymentPostprocessing = 0;
		};
		DA7D698D2D575A32005394A8 /* Resources */ = {
			isa = PBXResourcesBuildPhase;
			buildActionMask = 2147483647;
			files = (
				DA2D082A2D59035200ECABFC /* UnitTestsOnly.xctestplan in Resources */,
				DA2D082C2D59038E00ECABFC /* AllTests.xctestplan in Resources */,
			);
			runOnlyForDeploymentPostprocessing = 0;
		};
		DA7D699E2D575A33005394A8 /* Resources */ = {
			isa = PBXResourcesBuildPhase;
			buildActionMask = 2147483647;
			files = (
			);
			runOnlyForDeploymentPostprocessing = 0;
		};
		DA7D69A82D575A33005394A8 /* Resources */ = {
			isa = PBXResourcesBuildPhase;
			buildActionMask = 2147483647;
			files = (
			);
			runOnlyForDeploymentPostprocessing = 0;
		};
/* End PBXResourcesBuildPhase section */

/* Begin PBXSourcesBuildPhase section */
		DA2D081C2D58FCE200ECABFC /* Sources */ = {
			isa = PBXSourcesBuildPhase;
			buildActionMask = 2147483647;
			files = (
			);
			runOnlyForDeploymentPostprocessing = 0;
		};
		DA7D698B2D575A32005394A8 /* Sources */ = {
			isa = PBXSourcesBuildPhase;
			buildActionMask = 2147483647;
			files = (
			);
			runOnlyForDeploymentPostprocessing = 0;
		};
		DA7D699C2D575A33005394A8 /* Sources */ = {
			isa = PBXSourcesBuildPhase;
			buildActionMask = 2147483647;
			files = (
			);
			runOnlyForDeploymentPostprocessing = 0;
		};
		DA7D69A62D575A33005394A8 /* Sources */ = {
			isa = PBXSourcesBuildPhase;
			buildActionMask = 2147483647;
			files = (
			);
			runOnlyForDeploymentPostprocessing = 0;
		};
/* End PBXSourcesBuildPhase section */

/* Begin PBXTargetDependency section */
		DA2D08252D58FCE300ECABFC /* PBXTargetDependency */ = {
			isa = PBXTargetDependency;
			target = DA7D698E2D575A32005394A8 /* menuRadio */;
			targetProxy = DA2D08242D58FCE300ECABFC /* PBXContainerItemProxy */;
		};
		DA7D69A22D575A33005394A8 /* PBXTargetDependency */ = {
			isa = PBXTargetDependency;
			target = DA7D698E2D575A32005394A8 /* menuRadio */;
			targetProxy = DA7D69A12D575A33005394A8 /* PBXContainerItemProxy */;
		};
		DA7D69AC2D575A33005394A8 /* PBXTargetDependency */ = {
			isa = PBXTargetDependency;
			target = DA7D698E2D575A32005394A8 /* menuRadio */;
			targetProxy = DA7D69AB2D575A33005394A8 /* PBXContainerItemProxy */;
		};
/* End PBXTargetDependency section */

/* Begin XCBuildConfiguration section */
		DA2D08262D58FCE300ECABFC /* Debug */ = {
			isa = XCBuildConfiguration;
			buildSettings = {
				BUNDLE_LOADER = "$(TEST_HOST)";
				CODE_SIGN_STYLE = Automatic;
				CURRENT_PROJECT_VERSION = 1;
				GENERATE_INFOPLIST_FILE = YES;
				MARKETING_VERSION = 1.0;
				PRODUCT_BUNDLE_IDENTIFIER = sharovatov.menuRadioE2ETests;
				PRODUCT_NAME = "$(TARGET_NAME)";
				SWIFT_EMIT_LOC_STRINGS = NO;
				SWIFT_VERSION = 5.0;
				TEST_HOST = "$(BUILT_PRODUCTS_DIR)/menuRadio.app/$(BUNDLE_EXECUTABLE_FOLDER_PATH)/menuRadio";
			};
			name = Debug;
		};
		DA2D08272D58FCE300ECABFC /* Release */ = {
			isa = XCBuildConfiguration;
			buildSettings = {
				BUNDLE_LOADER = "$(TEST_HOST)";
				CODE_SIGN_STYLE = Automatic;
				CURRENT_PROJECT_VERSION = 1;
				GENERATE_INFOPLIST_FILE = YES;
				MARKETING_VERSION = 1.0;
				PRODUCT_BUNDLE_IDENTIFIER = sharovatov.menuRadioE2ETests;
				PRODUCT_NAME = "$(TARGET_NAME)";
				SWIFT_EMIT_LOC_STRINGS = NO;
				SWIFT_VERSION = 5.0;
				TEST_HOST = "$(BUILT_PRODUCTS_DIR)/menuRadio.app/$(BUNDLE_EXECUTABLE_FOLDER_PATH)/menuRadio";
			};
			name = Release;
		};
		DA7D69B22D575A33005394A8 /* Debug */ = {
			isa = XCBuildConfiguration;
			buildSettings = {
				ALWAYS_SEARCH_USER_PATHS = NO;
				ASSETCATALOG_COMPILER_GENERATE_SWIFT_ASSET_SYMBOL_EXTENSIONS = YES;
				CLANG_ANALYZER_NONNULL = YES;
				CLANG_ANALYZER_NUMBER_OBJECT_CONVERSION = YES_AGGRESSIVE;
				CLANG_CXX_LANGUAGE_STANDARD = "gnu++20";
				CLANG_ENABLE_MODULES = YES;
				CLANG_ENABLE_OBJC_ARC = YES;
				CLANG_ENABLE_OBJC_WEAK = YES;
				CLANG_WARN_BLOCK_CAPTURE_AUTORELEASING = YES;
				CLANG_WARN_BOOL_CONVERSION = YES;
				CLANG_WARN_COMMA = YES;
				CLANG_WARN_CONSTANT_CONVERSION = YES;
				CLANG_WARN_DEPRECATED_OBJC_IMPLEMENTATIONS = YES;
				CLANG_WARN_DIRECT_OBJC_ISA_USAGE = YES_ERROR;
				CLANG_WARN_DOCUMENTATION_COMMENTS = YES;
				CLANG_WARN_EMPTY_BODY = YES;
				CLANG_WARN_ENUM_CONVERSION = YES;
				CLANG_WARN_INFINITE_RECURSION = YES;
				CLANG_WARN_INT_CONVERSION = YES;
				CLANG_WARN_NON_LITERAL_NULL_CONVERSION = YES;
				CLANG_WARN_OBJC_IMPLICIT_RETAIN_SELF = YES;
				CLANG_WARN_OBJC_LITERAL_CONVERSION = YES;
				CLANG_WARN_OBJC_ROOT_CLASS = YES_ERROR;
				CLANG_WARN_QUOTED_INCLUDE_IN_FRAMEWORK_HEADER = YES;
				CLANG_WARN_RANGE_LOOP_ANALYSIS = YES;
				CLANG_WARN_STRICT_PROTOTYPES = YES;
				CLANG_WARN_SUSPICIOUS_MOVE = YES;
				CLANG_WARN_UNGUARDED_AVAILABILITY = YES_AGGRESSIVE;
				CLANG_WARN_UNREACHABLE_CODE = YES;
				CLANG_WARN__DUPLICATE_METHOD_MATCH = YES;
				COPY_PHASE_STRIP = NO;
				DEBUG_INFORMATION_FORMAT = dwarf;
				ENABLE_STRICT_OBJC_MSGSEND = YES;
				ENABLE_TESTABILITY = YES;
				ENABLE_USER_SCRIPT_SANDBOXING = YES;
				GCC_C_LANGUAGE_STANDARD = gnu17;
				GCC_DYNAMIC_NO_PIC = NO;
				GCC_NO_COMMON_BLOCKS = YES;
				GCC_OPTIMIZATION_LEVEL = 0;
				GCC_PREPROCESSOR_DEFINITIONS = (
					"DEBUG=1",
					"$(inherited)",
				);
				GCC_WARN_64_TO_32_BIT_CONVERSION = YES;
				GCC_WARN_ABOUT_RETURN_TYPE = YES_ERROR;
				GCC_WARN_UNDECLARED_SELECTOR = YES;
				GCC_WARN_UNINITIALIZED_AUTOS = YES_AGGRESSIVE;
				GCC_WARN_UNUSED_FUNCTION = YES;
				GCC_WARN_UNUSED_VARIABLE = YES;
				LOCALIZATION_PREFERS_STRING_CATALOGS = YES;
				MACOSX_DEPLOYMENT_TARGET = 15.2;
				MTL_ENABLE_DEBUG_INFO = INCLUDE_SOURCE;
				MTL_FAST_MATH = YES;
				ONLY_ACTIVE_ARCH = YES;
				SDKROOT = macosx;
				SWIFT_ACTIVE_COMPILATION_CONDITIONS = "DEBUG $(inherited)";
				SWIFT_OPTIMIZATION_LEVEL = "-Onone";
			};
			name = Debug;
		};
		DA7D69B32D575A33005394A8 /* Release */ = {
			isa = XCBuildConfiguration;
			buildSettings = {
				ALWAYS_SEARCH_USER_PATHS = NO;
				ASSETCATALOG_COMPILER_GENERATE_SWIFT_ASSET_SYMBOL_EXTENSIONS = YES;
				CLANG_ANALYZER_NONNULL = YES;
				CLANG_ANALYZER_NUMBER_OBJECT_CONVERSION = YES_AGGRESSIVE;
				CLANG_CXX_LANGUAGE_STANDARD = "gnu++20";
				CLANG_ENABLE_MODULES = YES;
				CLANG_ENABLE_OBJC_ARC = YES;
				CLANG_ENABLE_OBJC_WEAK = YES;
				CLANG_WARN_BLOCK_CAPTURE_AUTORELEASING = YES;
				CLANG_WARN_BOOL_CONVERSION = YES;
				CLANG_WARN_COMMA = YES;
				CLANG_WARN_CONSTANT_CONVERSION = YES;
				CLANG_WARN_DEPRECATED_OBJC_IMPLEMENTATIONS = YES;
				CLANG_WARN_DIRECT_OBJC_ISA_USAGE = YES_ERROR;
				CLANG_WARN_DOCUMENTATION_COMMENTS = YES;
				CLANG_WARN_EMPTY_BODY = YES;
				CLANG_WARN_ENUM_CONVERSION = YES;
				CLANG_WARN_INFINITE_RECURSION = YES;
				CLANG_WARN_INT_CONVERSION = YES;
				CLANG_WARN_NON_LITERAL_NULL_CONVERSION = YES;
				CLANG_WARN_OBJC_IMPLICIT_RETAIN_SELF = YES;
				CLANG_WARN_OBJC_LITERAL_CONVERSION = YES;
				CLANG_WARN_OBJC_ROOT_CLASS = YES_ERROR;
				CLANG_WARN_QUOTED_INCLUDE_IN_FRAMEWORK_HEADER = YES;
				CLANG_WARN_RANGE_LOOP_ANALYSIS = YES;
				CLANG_WARN_STRICT_PROTOTYPES = YES;
				CLANG_WARN_SUSPICIOUS_MOVE = YES;
				CLANG_WARN_UNGUARDED_AVAILABILITY = YES_AGGRESSIVE;
				CLANG_WARN_UNREACHABLE_CODE = YES;
				CLANG_WARN__DUPLICATE_METHOD_MATCH = YES;
				COPY_PHASE_STRIP = NO;
				DEBUG_INFORMATION_FORMAT = "dwarf-with-dsym";
				ENABLE_NS_ASSERTIONS = NO;
				ENABLE_STRICT_OBJC_MSGSEND = YES;
				ENABLE_USER_SCRIPT_SANDBOXING = YES;
				GCC_C_LANGUAGE_STANDARD = gnu17;
				GCC_NO_COMMON_BLOCKS = YES;
				GCC_WARN_64_TO_32_BIT_CONVERSION = YES;
				GCC_WARN_ABOUT_RETURN_TYPE = YES_ERROR;
				GCC_WARN_UNDECLARED_SELECTOR = YES;
				GCC_WARN_UNINITIALIZED_AUTOS = YES_AGGRESSIVE;
				GCC_WARN_UNUSED_FUNCTION = YES;
				GCC_WARN_UNUSED_VARIABLE = YES;
				LOCALIZATION_PREFERS_STRING_CATALOGS = YES;
				MACOSX_DEPLOYMENT_TARGET = 15.2;
				MTL_ENABLE_DEBUG_INFO = NO;
				MTL_FAST_MATH = YES;
				SDKROOT = macosx;
				SWIFT_COMPILATION_MODE = wholemodule;
			};
			name = Release;
		};
		DA7D69B52D575A33005394A8 /* Debug */ = {
			isa = XCBuildConfiguration;
			buildSettings = {
				ASSETCATALOG_COMPILER_APPICON_NAME = AppIcon;
				ASSETCATALOG_COMPILER_GLOBAL_ACCENT_COLOR_NAME = AccentColor;
				CODE_SIGN_ENTITLEMENTS = menuRadio/menuRadio.entitlements;
				CODE_SIGN_STYLE = Automatic;
				COMBINE_HIDPI_IMAGES = YES;
				CURRENT_PROJECT_VERSION = 1;
				DEVELOPMENT_ASSET_PATHS = "\"menuRadio/Preview Content\"";
				ENABLE_PREVIEWS = YES;
				GENERATE_INFOPLIST_FILE = YES;
				INFOPLIST_KEY_NSHumanReadableCopyright = "";
				LD_RUNPATH_SEARCH_PATHS = (
					"$(inherited)",
					"@executable_path/../Frameworks",
				);
				MARKETING_VERSION = 1.0;
				PRODUCT_BUNDLE_IDENTIFIER = sharovatov.menuRadio;
				PRODUCT_NAME = "$(TARGET_NAME)";
				SWIFT_EMIT_LOC_STRINGS = YES;
				SWIFT_VERSION = 5.0;
			};
			name = Debug;
		};
		DA7D69B62D575A33005394A8 /* Release */ = {
			isa = XCBuildConfiguration;
			buildSettings = {
				ASSETCATALOG_COMPILER_APPICON_NAME = AppIcon;
				ASSETCATALOG_COMPILER_GLOBAL_ACCENT_COLOR_NAME = AccentColor;
				CODE_SIGN_ENTITLEMENTS = menuRadio/menuRadio.entitlements;
				CODE_SIGN_STYLE = Automatic;
				COMBINE_HIDPI_IMAGES = YES;
				CURRENT_PROJECT_VERSION = 1;
				DEVELOPMENT_ASSET_PATHS = "\"menuRadio/Preview Content\"";
				ENABLE_PREVIEWS = YES;
				GENERATE_INFOPLIST_FILE = YES;
				INFOPLIST_KEY_NSHumanReadableCopyright = "";
				LD_RUNPATH_SEARCH_PATHS = (
					"$(inherited)",
					"@executable_path/../Frameworks",
				);
				MARKETING_VERSION = 1.0;
				PRODUCT_BUNDLE_IDENTIFIER = sharovatov.menuRadio;
				PRODUCT_NAME = "$(TARGET_NAME)";
				SWIFT_EMIT_LOC_STRINGS = YES;
				SWIFT_VERSION = 5.0;
			};
			name = Release;
		};
		DA7D69B82D575A33005394A8 /* Debug */ = {
			isa = XCBuildConfiguration;
			buildSettings = {
				BUNDLE_LOADER = "$(TEST_HOST)";
				CODE_SIGN_STYLE = Automatic;
				CURRENT_PROJECT_VERSION = 1;
				GENERATE_INFOPLIST_FILE = YES;
				MACOSX_DEPLOYMENT_TARGET = 15.2;
				MARKETING_VERSION = 1.0;
				PRODUCT_BUNDLE_IDENTIFIER = sharovatov.menuRadioTests;
				PRODUCT_NAME = "$(TARGET_NAME)";
				SWIFT_EMIT_LOC_STRINGS = NO;
				SWIFT_VERSION = 5.0;
				TEST_HOST = "$(BUILT_PRODUCTS_DIR)/menuRadio.app/$(BUNDLE_EXECUTABLE_FOLDER_PATH)/menuRadio";
			};
			name = Debug;
		};
		DA7D69B92D575A33005394A8 /* Release */ = {
			isa = XCBuildConfiguration;
			buildSettings = {
				BUNDLE_LOADER = "$(TEST_HOST)";
				CODE_SIGN_STYLE = Automatic;
				CURRENT_PROJECT_VERSION = 1;
				GENERATE_INFOPLIST_FILE = YES;
				MACOSX_DEPLOYMENT_TARGET = 15.2;
				MARKETING_VERSION = 1.0;
				PRODUCT_BUNDLE_IDENTIFIER = sharovatov.menuRadioTests;
				PRODUCT_NAME = "$(TARGET_NAME)";
				SWIFT_EMIT_LOC_STRINGS = NO;
				SWIFT_VERSION = 5.0;
				TEST_HOST = "$(BUILT_PRODUCTS_DIR)/menuRadio.app/$(BUNDLE_EXECUTABLE_FOLDER_PATH)/menuRadio";
			};
			name = Release;
		};
		DA7D69BB2D575A33005394A8 /* Debug */ = {
			isa = XCBuildConfiguration;
			buildSettings = {
				CODE_SIGN_STYLE = Automatic;
				CURRENT_PROJECT_VERSION = 1;
				GENERATE_INFOPLIST_FILE = YES;
				MARKETING_VERSION = 1.0;
				PRODUCT_BUNDLE_IDENTIFIER = sharovatov.menuRadioUITests;
				PRODUCT_NAME = "$(TARGET_NAME)";
				SWIFT_EMIT_LOC_STRINGS = NO;
				SWIFT_VERSION = 5.0;
				TEST_TARGET_NAME = menuRadio;
			};
			name = Debug;
		};
		DA7D69BC2D575A33005394A8 /* Release */ = {
			isa = XCBuildConfiguration;
			buildSettings = {
				CODE_SIGN_STYLE = Automatic;
				CURRENT_PROJECT_VERSION = 1;
				GENERATE_INFOPLIST_FILE = YES;
				MARKETING_VERSION = 1.0;
				PRODUCT_BUNDLE_IDENTIFIER = sharovatov.menuRadioUITests;
				PRODUCT_NAME = "$(TARGET_NAME)";
				SWIFT_EMIT_LOC_STRINGS = NO;
				SWIFT_VERSION = 5.0;
				TEST_TARGET_NAME = menuRadio;
			};
			name = Release;
		};
/* End XCBuildConfiguration section */

/* Begin XCConfigurationList section */
		DA2D08282D58FCE300ECABFC /* Build configuration list for PBXNativeTarget "menuRadioE2ETests" */ = {
			isa = XCConfigurationList;
			buildConfigurations = (
				DA2D08262D58FCE300ECABFC /* Debug */,
				DA2D08272D58FCE300ECABFC /* Release */,
			);
			defaultConfigurationIsVisible = 0;
			defaultConfigurationName = Release;
		};
		DA7D698A2D575A32005394A8 /* Build configuration list for PBXProject "menuRadio" */ = {
			isa = XCConfigurationList;
			buildConfigurations = (
				DA7D69B22D575A33005394A8 /* Debug */,
				DA7D69B32D575A33005394A8 /* Release */,
			);
			defaultConfigurationIsVisible = 0;
			defaultConfigurationName = Release;
		};
		DA7D69B42D575A33005394A8 /* Build configuration list for PBXNativeTarget "menuRadio" */ = {
			isa = XCConfigurationList;
			buildConfigurations = (
				DA7D69B52D575A33005394A8 /* Debug */,
				DA7D69B62D575A33005394A8 /* Release */,
			);
			defaultConfigurationIsVisible = 0;
			defaultConfigurationName = Release;
		};
		DA7D69B72D575A33005394A8 /* Build configuration list for PBXNativeTarget "menuRadioTests" */ = {
			isa = XCConfigurationList;
			buildConfigurations = (
				DA7D69B82D575A33005394A8 /* Debug */,
				DA7D69B92D575A33005394A8 /* Release */,
			);
			defaultConfigurationIsVisible = 0;
			defaultConfigurationName = Release;
		};
		DA7D69BA2D575A33005394A8 /* Build configuration list for PBXNativeTarget "menuRadioUITests" */ = {
			isa = XCConfigurationList;
			buildConfigurations = (
				DA7D69BB2D575A33005394A8 /* Debug */,
				DA7D69BC2D575A33005394A8 /* Release */,
			);
			defaultConfigurationIsVisible = 0;
			defaultConfigurationName = Release;
		};
/* End XCConfigurationList section */
	};
	rootObject = DA7D69872D575A32005394A8 /* Project object */;
}
